// !$*UTF8*$!
{
	archiveVersion = 1;
	classes = {
	};
	objectVersion = 51;
	objects = {

/* Begin PBXBuildFile section */
		31B76BF582F11CF02C4EEDDE /* Pods_WeGoTrip.framework in Frameworks */ = {isa = PBXBuildFile; fileRef = 48D77A21B2076F169A640E64 /* Pods_WeGoTrip.framework */; };
		DB44C712282BEFDF00ED59BF /* Router.swift in Sources */ = {isa = PBXBuildFile; fileRef = DB44C711282BEFDF00ED59BF /* Router.swift */; };
		DB44C714282BEFF600ED59BF /* ModuleBuilder.swift in Sources */ = {isa = PBXBuildFile; fileRef = DB44C713282BEFF600ED59BF /* ModuleBuilder.swift */; };
		DB44C717282BF0E000ED59BF /* Presenter.swift in Sources */ = {isa = PBXBuildFile; fileRef = DB44C716282BF0E000ED59BF /* Presenter.swift */; };
		EE3C71FA282BEDF800947729 /* AppDelegate.swift in Sources */ = {isa = PBXBuildFile; fileRef = EE3C71F9282BEDF800947729 /* AppDelegate.swift */; };
		EE3C71FC282BEDF800947729 /* SceneDelegate.swift in Sources */ = {isa = PBXBuildFile; fileRef = EE3C71FB282BEDF800947729 /* SceneDelegate.swift */; };
		EE3C71FE282BEDF800947729 /* ViewController.swift in Sources */ = {isa = PBXBuildFile; fileRef = EE3C71FD282BEDF800947729 /* ViewController.swift */; };
		EE3C7203282BEDF900947729 /* Assets.xcassets in Resources */ = {isa = PBXBuildFile; fileRef = EE3C7202282BEDF900947729 /* Assets.xcassets */; };
		EE3C7206282BEDF900947729 /* LaunchScreen.storyboard in Resources */ = {isa = PBXBuildFile; fileRef = EE3C7204282BEDF900947729 /* LaunchScreen.storyboard */; };
/* End PBXBuildFile section */

/* Begin PBXFileReference section */
		48D77A21B2076F169A640E64 /* Pods_WeGoTrip.framework */ = {isa = PBXFileReference; explicitFileType = wrapper.framework; includeInIndex = 0; path = Pods_WeGoTrip.framework; sourceTree = BUILT_PRODUCTS_DIR; };
		862185A35E4BA5AE59E1B1B5 /* Pods-WeGoTrip.release.xcconfig */ = {isa = PBXFileReference; includeInIndex = 1; lastKnownFileType = text.xcconfig; name = "Pods-WeGoTrip.release.xcconfig"; path = "Target Support Files/Pods-WeGoTrip/Pods-WeGoTrip.release.xcconfig"; sourceTree = "<group>"; };
		D7DA3D50396F3AD26DFF64B4 /* Pods-WeGoTrip.debug.xcconfig */ = {isa = PBXFileReference; includeInIndex = 1; lastKnownFileType = text.xcconfig; name = "Pods-WeGoTrip.debug.xcconfig"; path = "Target Support Files/Pods-WeGoTrip/Pods-WeGoTrip.debug.xcconfig"; sourceTree = "<group>"; };
		DB44C711282BEFDF00ED59BF /* Router.swift */ = {isa = PBXFileReference; lastKnownFileType = sourcecode.swift; path = Router.swift; sourceTree = "<group>"; };
		DB44C713282BEFF600ED59BF /* ModuleBuilder.swift */ = {isa = PBXFileReference; lastKnownFileType = sourcecode.swift; path = ModuleBuilder.swift; sourceTree = "<group>"; };
		DB44C716282BF0E000ED59BF /* Presenter.swift */ = {isa = PBXFileReference; lastKnownFileType = sourcecode.swift; path = Presenter.swift; sourceTree = "<group>"; };
		EE3C71F6282BEDF800947729 /* WeGoTrip.app */ = {isa = PBXFileReference; explicitFileType = wrapper.application; includeInIndex = 0; path = WeGoTrip.app; sourceTree = BUILT_PRODUCTS_DIR; };
		EE3C71F9282BEDF800947729 /* AppDelegate.swift */ = {isa = PBXFileReference; lastKnownFileType = sourcecode.swift; path = AppDelegate.swift; sourceTree = "<group>"; };
		EE3C71FB282BEDF800947729 /* SceneDelegate.swift */ = {isa = PBXFileReference; lastKnownFileType = sourcecode.swift; path = SceneDelegate.swift; sourceTree = "<group>"; };
		EE3C71FD282BEDF800947729 /* ViewController.swift */ = {isa = PBXFileReference; lastKnownFileType = sourcecode.swift; path = ViewController.swift; sourceTree = "<group>"; };
		EE3C7202282BEDF900947729 /* Assets.xcassets */ = {isa = PBXFileReference; lastKnownFileType = folder.assetcatalog; path = Assets.xcassets; sourceTree = "<group>"; };
		EE3C7205282BEDF900947729 /* Base */ = {isa = PBXFileReference; lastKnownFileType = file.storyboard; name = Base; path = Base.lproj/LaunchScreen.storyboard; sourceTree = "<group>"; };
		EE3C7207282BEDF900947729 /* Info.plist */ = {isa = PBXFileReference; lastKnownFileType = text.plist.xml; path = Info.plist; sourceTree = "<group>"; };
/* End PBXFileReference section */

/* Begin PBXFrameworksBuildPhase section */
		EE3C71F3282BEDF800947729 /* Frameworks */ = {
			isa = PBXFrameworksBuildPhase;
			buildActionMask = 2147483647;
			files = (
				31B76BF582F11CF02C4EEDDE /* Pods_WeGoTrip.framework in Frameworks */,
			);
			runOnlyForDeploymentPostprocessing = 0;
		};
/* End PBXFrameworksBuildPhase section */

/* Begin PBXGroup section */
		6C221EB78B54B80B89063687 /* Pods */ = {
			isa = PBXGroup;
			children = (
				D7DA3D50396F3AD26DFF64B4 /* Pods-WeGoTrip.debug.xcconfig */,
				862185A35E4BA5AE59E1B1B5 /* Pods-WeGoTrip.release.xcconfig */,
			);
			path = Pods;
			sourceTree = "<group>";
		};
		AF1C54E96099A6952186F6A6 /* Frameworks */ = {
			isa = PBXGroup;
			children = (
				48D77A21B2076F169A640E64 /* Pods_WeGoTrip.framework */,
			);
			name = Frameworks;
			sourceTree = "<group>";
		};
		DB44C715282BF04800ED59BF /* ModuleBuilder */ = {
			isa = PBXGroup;
			children = (
				DB44C711282BEFDF00ED59BF /* Router.swift */,
				DB44C713282BEFF600ED59BF /* ModuleBuilder.swift */,
			);
			path = ModuleBuilder;
			sourceTree = "<group>";
		};
		DB44C718282BF0FE00ED59BF /* LaunchModule */ = {
			isa = PBXGroup;
			children = (
				EE3C71FD282BEDF800947729 /* ViewController.swift */,
				DB44C716282BF0E000ED59BF /* Presenter.swift */,
			);
			path = LaunchModule;
			sourceTree = "<group>";
		};
		EE3C71ED282BEDF800947729 = {
			isa = PBXGroup;
			children = (
				EE3C71F8282BEDF800947729 /* WeGoTrip */,
				EE3C71F7282BEDF800947729 /* Products */,
				6C221EB78B54B80B89063687 /* Pods */,
				AF1C54E96099A6952186F6A6 /* Frameworks */,
			);
			sourceTree = "<group>";
		};
		EE3C71F7282BEDF800947729 /* Products */ = {
			isa = PBXGroup;
			children = (
				EE3C71F6282BEDF800947729 /* WeGoTrip.app */,
			);
			name = Products;
			sourceTree = "<group>";
		};
		EE3C71F8282BEDF800947729 /* WeGoTrip */ = {
			isa = PBXGroup;
			children = (
				EE3C71F9282BEDF800947729 /* AppDelegate.swift */,
				EE3C71FB282BEDF800947729 /* SceneDelegate.swift */,
				DB44C718282BF0FE00ED59BF /* LaunchModule */,
				DB44C715282BF04800ED59BF /* ModuleBuilder */,
				EE3C7202282BEDF900947729 /* Assets.xcassets */,
				EE3C7204282BEDF900947729 /* LaunchScreen.storyboard */,
				EE3C7207282BEDF900947729 /* Info.plist */,
			);
			path = WeGoTrip;
			sourceTree = "<group>";
		};
/* End PBXGroup section */

/* Begin PBXNativeTarget section */
		EE3C71F5282BEDF800947729 /* WeGoTrip */ = {
			isa = PBXNativeTarget;
			buildConfigurationList = EE3C720A282BEDF900947729 /* Build configuration list for PBXNativeTarget "WeGoTrip" */;
			buildPhases = (
				573375313086C714DB28D22B /* [CP] Check Pods Manifest.lock */,
				EE3C71F2282BEDF800947729 /* Sources */,
				EE3C71F3282BEDF800947729 /* Frameworks */,
				EE3C71F4282BEDF800947729 /* Resources */,
				6AB945803D49A493774C31EF /* [CP] Embed Pods Frameworks */,
			);
			buildRules = (
			);
			dependencies = (
			);
			name = WeGoTrip;
			productName = WeGoTrip;
			productReference = EE3C71F6282BEDF800947729 /* WeGoTrip.app */;
			productType = "com.apple.product-type.application";
		};
/* End PBXNativeTarget section */

/* Begin PBXProject section */
		EE3C71EE282BEDF800947729 /* Project object */ = {
			isa = PBXProject;
			attributes = {
				LastSwiftUpdateCheck = 1220;
				LastUpgradeCheck = 1220;
				TargetAttributes = {
					EE3C71F5282BEDF800947729 = {
						CreatedOnToolsVersion = 12.2;
					};
				};
			};
			buildConfigurationList = EE3C71F1282BEDF800947729 /* Build configuration list for PBXProject "WeGoTrip" */;
			compatibilityVersion = "Xcode 9.3";
			developmentRegion = en;
			hasScannedForEncodings = 0;
			knownRegions = (
				en,
				Base,
			);
			mainGroup = EE3C71ED282BEDF800947729;
			productRefGroup = EE3C71F7282BEDF800947729 /* Products */;
			projectDirPath = "";
			projectRoot = "";
			targets = (
				EE3C71F5282BEDF800947729 /* WeGoTrip */,
			);
		};
/* End PBXProject section */

/* Begin PBXResourcesBuildPhase section */
		EE3C71F4282BEDF800947729 /* Resources */ = {
			isa = PBXResourcesBuildPhase;
			buildActionMask = 2147483647;
			files = (
				EE3C7206282BEDF900947729 /* LaunchScreen.storyboard in Resources */,
				EE3C7203282BEDF900947729 /* Assets.xcassets in Resources */,
			);
			runOnlyForDeploymentPostprocessing = 0;
		};
/* End PBXResourcesBuildPhase section */

/* Begin PBXShellScriptBuildPhase section */
		573375313086C714DB28D22B /* [CP] Check Pods Manifest.lock */ = {
			isa = PBXShellScriptBuildPhase;
			buildActionMask = 2147483647;
			files = (
			);
			inputFileListPaths = (
			);
			inputPaths = (
				"${PODS_PODFILE_DIR_PATH}/Podfile.lock",
				"${PODS_ROOT}/Manifest.lock",
			);
			name = "[CP] Check Pods Manifest.lock";
			outputFileListPaths = (
			);
			outputPaths = (
				"$(DERIVED_FILE_DIR)/Pods-WeGoTrip-checkManifestLockResult.txt",
			);
			runOnlyForDeploymentPostprocessing = 0;
			shellPath = /bin/sh;
			shellScript = "diff \"${PODS_PODFILE_DIR_PATH}/Podfile.lock\" \"${PODS_ROOT}/Manifest.lock\" > /dev/null\nif [ $? != 0 ] ; then\n    # print error to STDERR\n    echo \"error: The sandbox is not in sync with the Podfile.lock. Run 'pod install' or update your CocoaPods installation.\" >&2\n    exit 1\nfi\n# This output is used by Xcode 'outputs' to avoid re-running this script phase.\necho \"SUCCESS\" > \"${SCRIPT_OUTPUT_FILE_0}\"\n";
			showEnvVarsInLog = 0;
		};
		6AB945803D49A493774C31EF /* [CP] Embed Pods Frameworks */ = {
			isa = PBXShellScriptBuildPhase;
			buildActionMask = 2147483647;
			files = (
			);
			inputFileListPaths = (
				"${PODS_ROOT}/Target Support Files/Pods-WeGoTrip/Pods-WeGoTrip-frameworks-${CONFIGURATION}-input-files.xcfilelist",
			);
			name = "[CP] Embed Pods Frameworks";
			outputFileListPaths = (
				"${PODS_ROOT}/Target Support Files/Pods-WeGoTrip/Pods-WeGoTrip-frameworks-${CONFIGURATION}-output-files.xcfilelist",
			);
			runOnlyForDeploymentPostprocessing = 0;
			shellPath = /bin/sh;
			shellScript = "\"${PODS_ROOT}/Target Support Files/Pods-WeGoTrip/Pods-WeGoTrip-frameworks.sh\"\n";
			showEnvVarsInLog = 0;
		};
/* End PBXShellScriptBuildPhase section */

/* Begin PBXSourcesBuildPhase section */
		EE3C71F2282BEDF800947729 /* Sources */ = {
			isa = PBXSourcesBuildPhase;
			buildActionMask = 2147483647;
			files = (
				DB44C717282BF0E000ED59BF /* Presenter.swift in Sources */,
				DB44C712282BEFDF00ED59BF /* Router.swift in Sources */,
				EE3C71FE282BEDF800947729 /* ViewController.swift in Sources */,
				EE3C71FA282BEDF800947729 /* AppDelegate.swift in Sources */,
				DB44C714282BEFF600ED59BF /* ModuleBuilder.swift in Sources */,
				EE3C71FC282BEDF800947729 /* SceneDelegate.swift in Sources */,
			);
			runOnlyForDeploymentPostprocessing = 0;
		};
/* End PBXSourcesBuildPhase section */

/* Begin PBXVariantGroup section */
		EE3C7204282BEDF900947729 /* LaunchScreen.storyboard */ = {
			isa = PBXVariantGroup;
			children = (
				EE3C7205282BEDF900947729 /* Base */,
			);
			name = LaunchScreen.storyboard;
			sourceTree = "<group>";
		};
/* End PBXVariantGroup section */

/* Begin XCBuildConfiguration section */
		EE3C7208282BEDF900947729 /* Debug */ = {
			isa = XCBuildConfiguration;
			buildSettings = {
				ALWAYS_SEARCH_USER_PATHS = NO;
				CLANG_ANALYZER_NONNULL = YES;
				CLANG_ANALYZER_NUMBER_OBJECT_CONVERSION = YES_AGGRESSIVE;
				CLANG_CXX_LANGUAGE_STANDARD = "gnu++14";
				CLANG_CXX_LIBRARY = "libc++";
				CLANG_ENABLE_MODULES = YES;
				CLANG_ENABLE_OBJC_ARC = YES;
				CLANG_ENABLE_OBJC_WEAK = YES;
				CLANG_WARN_BLOCK_CAPTURE_AUTORELEASING = YES;
				CLANG_WARN_BOOL_CONVERSION = YES;
				CLANG_WARN_COMMA = YES;
				CLANG_WARN_CONSTANT_CONVERSION = YES;
				CLANG_WARN_DEPRECATED_OBJC_IMPLEMENTATIONS = YES;
				CLANG_WARN_DIRECT_OBJC_ISA_USAGE = YES_ERROR;
				CLANG_WARN_DOCUMENTATION_COMMENTS = YES;
				CLANG_WARN_EMPTY_BODY = YES;
				CLANG_WARN_ENUM_CONVERSION = YES;
				CLANG_WARN_INFINITE_RECURSION = YES;
				CLANG_WARN_INT_CONVERSION = YES;
				CLANG_WARN_NON_LITERAL_NULL_CONVERSION = YES;
				CLANG_WARN_OBJC_IMPLICIT_RETAIN_SELF = YES;
				CLANG_WARN_OBJC_LITERAL_CONVERSION = YES;
				CLANG_WARN_OBJC_ROOT_CLASS = YES_ERROR;
				CLANG_WARN_QUOTED_INCLUDE_IN_FRAMEWORK_HEADER = YES;
				CLANG_WARN_RANGE_LOOP_ANALYSIS = YES;
				CLANG_WARN_STRICT_PROTOTYPES = YES;
				CLANG_WARN_SUSPICIOUS_MOVE = YES;
				CLANG_WARN_UNGUARDED_AVAILABILITY = YES_AGGRESSIVE;
				CLANG_WARN_UNREACHABLE_CODE = YES;
				CLANG_WARN__DUPLICATE_METHOD_MATCH = YES;
				COPY_PHASE_STRIP = NO;
				DEBUG_INFORMATION_FORMAT = dwarf;
				ENABLE_STRICT_OBJC_MSGSEND = YES;
				ENABLE_TESTABILITY = YES;
				GCC_C_LANGUAGE_STANDARD = gnu11;
				GCC_DYNAMIC_NO_PIC = NO;
				GCC_NO_COMMON_BLOCKS = YES;
				GCC_OPTIMIZATION_LEVEL = 0;
				GCC_PREPROCESSOR_DEFINITIONS = (
					"DEBUG=1",
					"$(inherited)",
				);
				GCC_WARN_64_TO_32_BIT_CONVERSION = YES;
				GCC_WARN_ABOUT_RETURN_TYPE = YES_ERROR;
				GCC_WARN_UNDECLARED_SELECTOR = YES;
				GCC_WARN_UNINITIALIZED_AUTOS = YES_AGGRESSIVE;
				GCC_WARN_UNUSED_FUNCTION = YES;
				GCC_WARN_UNUSED_VARIABLE = YES;
				IPHONEOS_DEPLOYMENT_TARGET = 14.2;
				MTL_ENABLE_DEBUG_INFO = INCLUDE_SOURCE;
				MTL_FAST_MATH = YES;
				ONLY_ACTIVE_ARCH = YES;
				SDKROOT = iphoneos;
				SWIFT_ACTIVE_COMPILATION_CONDITIONS = DEBUG;
				SWIFT_OPTIMIZATION_LEVEL = "-Onone";
			};
			name = Debug;
		};
		EE3C7209282BEDF900947729 /* Release */ = {
			isa = XCBuildConfiguration;
			buildSettings = {
				ALWAYS_SEARCH_USER_PATHS = NO;
				CLANG_ANALYZER_NONNULL = YES;
				CLANG_ANALYZER_NUMBER_OBJECT_CONVERSION = YES_AGGRESSIVE;
				CLANG_CXX_LANGUAGE_STANDARD = "gnu++14";
				CLANG_CXX_LIBRARY = "libc++";
				CLANG_ENABLE_MODULES = YES;
				CLANG_ENABLE_OBJC_ARC = YES;
				CLANG_ENABLE_OBJC_WEAK = YES;
				CLANG_WARN_BLOCK_CAPTURE_AUTORELEASING = YES;
				CLANG_WARN_BOOL_CONVERSION = YES;
				CLANG_WARN_COMMA = YES;
				CLANG_WARN_CONSTANT_CONVERSION = YES;
				CLANG_WARN_DEPRECATED_OBJC_IMPLEMENTATIONS = YES;
				CLANG_WARN_DIRECT_OBJC_ISA_USAGE = YES_ERROR;
				CLANG_WARN_DOCUMENTATION_COMMENTS = YES;
				CLANG_WARN_EMPTY_BODY = YES;
				CLANG_WARN_ENUM_CONVERSION = YES;
				CLANG_WARN_INFINITE_RECURSION = YES;
				CLANG_WARN_INT_CONVERSION = YES;
				CLANG_WARN_NON_LITERAL_NULL_CONVERSION = YES;
				CLANG_WARN_OBJC_IMPLICIT_RETAIN_SELF = YES;
				CLANG_WARN_OBJC_LITERAL_CONVERSION = YES;
				CLANG_WARN_OBJC_ROOT_CLASS = YES_ERROR;
				CLANG_WARN_QUOTED_INCLUDE_IN_FRAMEWORK_HEADER = YES;
				CLANG_WARN_RANGE_LOOP_ANALYSIS = YES;
				CLANG_WARN_STRICT_PROTOTYPES = YES;
				CLANG_WARN_SUSPICIOUS_MOVE = YES;
				CLANG_WARN_UNGUARDED_AVAILABILITY = YES_AGGRESSIVE;
				CLANG_WARN_UNREACHABLE_CODE = YES;
				CLANG_WARN__DUPLICATE_METHOD_MATCH = YES;
				COPY_PHASE_STRIP = NO;
				DEBUG_INFORMATION_FORMAT = "dwarf-with-dsym";
				ENABLE_NS_ASSERTIONS = NO;
				ENABLE_STRICT_OBJC_MSGSEND = YES;
				GCC_C_LANGUAGE_STANDARD = gnu11;
				GCC_NO_COMMON_BLOCKS = YES;
				GCC_WARN_64_TO_32_BIT_CONVERSION = YES;
				GCC_WARN_ABOUT_RETURN_TYPE = YES_ERROR;
				GCC_WARN_UNDECLARED_SELECTOR = YES;
				GCC_WARN_UNINITIALIZED_AUTOS = YES_AGGRESSIVE;
				GCC_WARN_UNUSED_FUNCTION = YES;
				GCC_WARN_UNUSED_VARIABLE = YES;
				IPHONEOS_DEPLOYMENT_TARGET = 14.2;
				MTL_ENABLE_DEBUG_INFO = NO;
				MTL_FAST_MATH = YES;
				SDKROOT = iphoneos;
				SWIFT_COMPILATION_MODE = wholemodule;
				SWIFT_OPTIMIZATION_LEVEL = "-O";
				VALIDATE_PRODUCT = YES;
			};
			name = Release;
		};
		EE3C720B282BEDF900947729 /* Debug */ = {
			isa = XCBuildConfiguration;
			baseConfigurationReference = D7DA3D50396F3AD26DFF64B4 /* Pods-WeGoTrip.debug.xcconfig */;
			buildSettings = {
				ASSETCATALOG_COMPILER_APPICON_NAME = AppIcon;
				ASSETCATALOG_COMPILER_GLOBAL_ACCENT_COLOR_NAME = AccentColor;
				CODE_SIGN_STYLE = Automatic;
				DEVELOPMENT_TEAM = X4XKW9NXX6;
				INFOPLIST_FILE = WeGoTrip/Info.plist;
				LD_RUNPATH_SEARCH_PATHS = (
					"$(inherited)",
					"@executable_path/Frameworks",
				);
				PRODUCT_BUNDLE_IDENTIFIER = all.WeGoTrip;
				PRODUCT_NAME = "$(TARGET_NAME)";
				SWIFT_VERSION = 5.0;
				TARGETED_DEVICE_FAMILY = "1,2";
			};
			name = Debug;
		};
		EE3C720C282BEDF900947729 /* Release */ = {
			isa = XCBuildConfiguration;
			baseConfigurationReference = 862185A35E4BA5AE59E1B1B5 /* Pods-WeGoTrip.release.xcconfig */;
			buildSettings = {
				ASSETCATALOG_COMPILER_APPICON_NAME = AppIcon;
				ASSETCATALOG_COMPILER_GLOBAL_ACCENT_COLOR_NAME = AccentColor;
				CODE_SIGN_STYLE = Automatic;
				DEVELOPMENT_TEAM = X4XKW9NXX6;
				INFOPLIST_FILE = WeGoTrip/Info.plist;
				LD_RUNPATH_SEARCH_PATHS = (
					"$(inherited)",
					"@executable_path/Frameworks",
				);
				PRODUCT_BUNDLE_IDENTIFIER = all.WeGoTrip;
				PRODUCT_NAME = "$(TARGET_NAME)";
				SWIFT_VERSION = 5.0;
				TARGETED_DEVICE_FAMILY = "1,2";
			};
			name = Release;
		};
/* End XCBuildConfiguration section */

/* Begin XCConfigurationList section */
		EE3C71F1282BEDF800947729 /* Build configuration list for PBXProject "WeGoTrip" */ = {
			isa = XCConfigurationList;
			buildConfigurations = (
				EE3C7208282BEDF900947729 /* Debug */,
				EE3C7209282BEDF900947729 /* Release */,
			);
			defaultConfigurationIsVisible = 0;
			defaultConfigurationName = Release;
		};
		EE3C720A282BEDF900947729 /* Build configuration list for PBXNativeTarget "WeGoTrip" */ = {
			isa = XCConfigurationList;
			buildConfigurations = (
				EE3C720B282BEDF900947729 /* Debug */,
				EE3C720C282BEDF900947729 /* Release */,
			);
			defaultConfigurationIsVisible = 0;
			defaultConfigurationName = Release;
		};
/* End XCConfigurationList section */
	};
	rootObject = EE3C71EE282BEDF800947729 /* Project object */;
}
